// !$*UTF8*$!
{
	archiveVersion = 1;
	classes = {
	};
	objectVersion = 56;
	objects = {

/* Begin PBXBuildFile section */
		180BB2CB2C919F8800FB4F79 /* InteractorProtocol.swift in Sources */ = {isa = PBXBuildFile; fileRef = 180BB2CA2C919F8800FB4F79 /* InteractorProtocol.swift */; };
		180BB2CD2C919FAD00FB4F79 /* PresenterProtocol.swift in Sources */ = {isa = PBXBuildFile; fileRef = 180BB2CC2C919FAD00FB4F79 /* PresenterProtocol.swift */; };
		180BB2CF2C919FD200FB4F79 /* MainInteractor.swift in Sources */ = {isa = PBXBuildFile; fileRef = 180BB2CE2C919FD200FB4F79 /* MainInteractor.swift */; };
		180BB2D12C91A0CF00FB4F79 /* MainPresenter.swift in Sources */ = {isa = PBXBuildFile; fileRef = 180BB2D02C91A0CF00FB4F79 /* MainPresenter.swift */; };
		180BB2D32C91A0FB00FB4F79 /* MainViewProtocol.swift in Sources */ = {isa = PBXBuildFile; fileRef = 180BB2D22C91A0FB00FB4F79 /* MainViewProtocol.swift */; };
		180BB2D52C91A14900FB4F79 /* MainView.swift in Sources */ = {isa = PBXBuildFile; fileRef = 180BB2D42C91A14900FB4F79 /* MainView.swift */; };
		180BB2DA2C91B78500FB4F79 /* MainRouter.swift in Sources */ = {isa = PBXBuildFile; fileRef = 180BB2D92C91B78500FB4F79 /* MainRouter.swift */; };
		180BB2DC2C91B79700FB4F79 /* MainRouterProtocol.swift in Sources */ = {isa = PBXBuildFile; fileRef = 180BB2DB2C91B79700FB4F79 /* MainRouterProtocol.swift */; };
		187961142C76086500B573F7 /* AppDelegate.swift in Sources */ = {isa = PBXBuildFile; fileRef = 187961132C76086500B573F7 /* AppDelegate.swift */; };
		187961162C76086500B573F7 /* SceneDelegate.swift in Sources */ = {isa = PBXBuildFile; fileRef = 187961152C76086500B573F7 /* SceneDelegate.swift */; };
		1879611E2C76086500B573F7 /* CryptoTab.xcdatamodeld in Sources */ = {isa = PBXBuildFile; fileRef = 1879611C2C76086500B573F7 /* CryptoTab.xcdatamodeld */; };
		187961202C76086800B573F7 /* Assets.xcassets in Resources */ = {isa = PBXBuildFile; fileRef = 1879611F2C76086800B573F7 /* Assets.xcassets */; };
		1879612E2C76086800B573F7 /* CryptoTabTests.swift in Sources */ = {isa = PBXBuildFile; fileRef = 1879612D2C76086800B573F7 /* CryptoTabTests.swift */; };
		187961382C76086800B573F7 /* CryptoTabUITests.swift in Sources */ = {isa = PBXBuildFile; fileRef = 187961372C76086800B573F7 /* CryptoTabUITests.swift */; };
		1879613A2C76086800B573F7 /* CryptoTabUITestsLaunchTests.swift in Sources */ = {isa = PBXBuildFile; fileRef = 187961392C76086800B573F7 /* CryptoTabUITestsLaunchTests.swift */; };
		187961482C77281800B573F7 /* NetworkService.swift in Sources */ = {isa = PBXBuildFile; fileRef = 187961472C77281800B573F7 /* NetworkService.swift */; };
		187961692C776ABB00B573F7 /* CoinModel.swift in Sources */ = {isa = PBXBuildFile; fileRef = 187961682C776ABB00B573F7 /* CoinModel.swift */; };
		187961752C78936E00B573F7 /* NetworkServiceProtocols.swift in Sources */ = {isa = PBXBuildFile; fileRef = 187961742C78936E00B573F7 /* NetworkServiceProtocols.swift */; };
		187961772C78938700B573F7 /* NetworkServiceURL.swift in Sources */ = {isa = PBXBuildFile; fileRef = 187961762C78938700B573F7 /* NetworkServiceURL.swift */; };
		187961792C78939E00B573F7 /* NetworkServiceHTTPMethod.swift in Sources */ = {isa = PBXBuildFile; fileRef = 187961782C78939E00B573F7 /* NetworkServiceHTTPMethod.swift */; };
		1879617B2C7893CA00B573F7 /* NetworkServiceError.swift in Sources */ = {isa = PBXBuildFile; fileRef = 1879617A2C7893CA00B573F7 /* NetworkServiceError.swift */; };
		18888ED42C96B6FE00225719 /* NFTsViewController.swift in Sources */ = {isa = PBXBuildFile; fileRef = 18888ED32C96B6FE00225719 /* NFTsViewController.swift */; };
		18888ED62C96B71100225719 /* NFTsViewControllerProtocol.swift in Sources */ = {isa = PBXBuildFile; fileRef = 18888ED52C96B71100225719 /* NFTsViewControllerProtocol.swift */; };
		18888ED82C96B72100225719 /* NFTsPresenter.swift in Sources */ = {isa = PBXBuildFile; fileRef = 18888ED72C96B72100225719 /* NFTsPresenter.swift */; };
		18888EDA2C96B73200225719 /* NFTsPresenterProtocol.swift in Sources */ = {isa = PBXBuildFile; fileRef = 18888ED92C96B73200225719 /* NFTsPresenterProtocol.swift */; };
		18888EDC2C96B74B00225719 /* NFTsInteractor.swift in Sources */ = {isa = PBXBuildFile; fileRef = 18888EDB2C96B74B00225719 /* NFTsInteractor.swift */; };
		18888EDE2C96B75400225719 /* NFTsInteractorProtocol.swift in Sources */ = {isa = PBXBuildFile; fileRef = 18888EDD2C96B75400225719 /* NFTsInteractorProtocol.swift */; };
		18888EE02C96B76700225719 /* NFTsModel.swift in Sources */ = {isa = PBXBuildFile; fileRef = 18888EDF2C96B76700225719 /* NFTsModel.swift */; };
		18888EE22C96B77B00225719 /* NFTsRouter.swift in Sources */ = {isa = PBXBuildFile; fileRef = 18888EE12C96B77B00225719 /* NFTsRouter.swift */; };
		18888EE42C96B78700225719 /* NFTsRouterProtocol.swift in Sources */ = {isa = PBXBuildFile; fileRef = 18888EE32C96B78700225719 /* NFTsRouterProtocol.swift */; };
		18888EEC2C96BC5E00225719 /* PortfolioViewController.swift in Sources */ = {isa = PBXBuildFile; fileRef = 18888EEB2C96BC5E00225719 /* PortfolioViewController.swift */; };
		18888EEE2C96BC6B00225719 /* PortfolioViewControllerProtocol.swift in Sources */ = {isa = PBXBuildFile; fileRef = 18888EED2C96BC6B00225719 /* PortfolioViewControllerProtocol.swift */; };
		18888EF02C96BC9900225719 /* PortfolioPresenter.swift in Sources */ = {isa = PBXBuildFile; fileRef = 18888EEF2C96BC9900225719 /* PortfolioPresenter.swift */; };
		18888EF22C96BCA600225719 /* PortfolioPresenterProtocol.swift in Sources */ = {isa = PBXBuildFile; fileRef = 18888EF12C96BCA600225719 /* PortfolioPresenterProtocol.swift */; };
		18888EF42C96BCB800225719 /* PortfolioInteractor.swift in Sources */ = {isa = PBXBuildFile; fileRef = 18888EF32C96BCB800225719 /* PortfolioInteractor.swift */; };
		18888EF72C96BCCB00225719 /* PortfolioInteractorProtocol.swift in Sources */ = {isa = PBXBuildFile; fileRef = 18888EF62C96BCCB00225719 /* PortfolioInteractorProtocol.swift */; };
		18888EF92C96BCDD00225719 /* PortfolioModel.swift in Sources */ = {isa = PBXBuildFile; fileRef = 18888EF82C96BCDD00225719 /* PortfolioModel.swift */; };
		18888EFB2C96BCF600225719 /* PortfolioRouter.swift in Sources */ = {isa = PBXBuildFile; fileRef = 18888EFA2C96BCF600225719 /* PortfolioRouter.swift */; };
		18888EFD2C96BD0100225719 /* PortfolioRouterProtocol.swift in Sources */ = {isa = PBXBuildFile; fileRef = 18888EFC2C96BD0100225719 /* PortfolioRouterProtocol.swift */; };
		18888F062C96C23600225719 /* SettingViewController.swift in Sources */ = {isa = PBXBuildFile; fileRef = 18888F052C96C23600225719 /* SettingViewController.swift */; };
		18888F082C96C23F00225719 /* SettingViewControllerProtocol.swift in Sources */ = {isa = PBXBuildFile; fileRef = 18888F072C96C23F00225719 /* SettingViewControllerProtocol.swift */; };
		18888F0A2C96C25300225719 /* SettingPresenter.swift in Sources */ = {isa = PBXBuildFile; fileRef = 18888F092C96C25300225719 /* SettingPresenter.swift */; };
		18888F0C2C96C25D00225719 /* SettingPresenterProtocol.swift in Sources */ = {isa = PBXBuildFile; fileRef = 18888F0B2C96C25D00225719 /* SettingPresenterProtocol.swift */; };
		18888F0E2C96C27000225719 /* SettingInteractor.swift in Sources */ = {isa = PBXBuildFile; fileRef = 18888F0D2C96C27000225719 /* SettingInteractor.swift */; };
		18888F102C96C27C00225719 /* SettingInteractorProtocol.swift in Sources */ = {isa = PBXBuildFile; fileRef = 18888F0F2C96C27C00225719 /* SettingInteractorProtocol.swift */; };
		18888F122C96C28900225719 /* SettingModel.swift in Sources */ = {isa = PBXBuildFile; fileRef = 18888F112C96C28900225719 /* SettingModel.swift */; };
		18888F142C96C29900225719 /* SettingRouter.swift in Sources */ = {isa = PBXBuildFile; fileRef = 18888F132C96C29900225719 /* SettingRouter.swift */; };
		18888F162C96C2A300225719 /* SettingRouterProtocol.swift in Sources */ = {isa = PBXBuildFile; fileRef = 18888F152C96C2A300225719 /* SettingRouterProtocol.swift */; };
		18888F1E2C96CA7700225719 /* TabBarViewController.swift in Sources */ = {isa = PBXBuildFile; fileRef = 18888F1D2C96CA7700225719 /* TabBarViewController.swift */; };
		18888F202C96CA8400225719 /* TabBarViewControllerProtocol.swift in Sources */ = {isa = PBXBuildFile; fileRef = 18888F1F2C96CA8400225719 /* TabBarViewControllerProtocol.swift */; };
		18888F222C96CA9500225719 /* TabBarPresenter.swift in Sources */ = {isa = PBXBuildFile; fileRef = 18888F212C96CA9500225719 /* TabBarPresenter.swift */; };
		18888F242C96CACC00225719 /* TabBarPresenterProtocol.swift in Sources */ = {isa = PBXBuildFile; fileRef = 18888F232C96CACC00225719 /* TabBarPresenterProtocol.swift */; };
		18888F262C96CAE000225719 /* TabBarInteractor.swift in Sources */ = {isa = PBXBuildFile; fileRef = 18888F252C96CAE000225719 /* TabBarInteractor.swift */; };
		18888F282C96CAF900225719 /* TabBarInteractorProtocol.swift in Sources */ = {isa = PBXBuildFile; fileRef = 18888F272C96CAF900225719 /* TabBarInteractorProtocol.swift */; };
		18888F2B2C96CB1E00225719 /* TabBarRouter.swift in Sources */ = {isa = PBXBuildFile; fileRef = 18888F2A2C96CB1E00225719 /* TabBarRouter.swift */; };
		18888F2D2C96CB3200225719 /* TabBarRouterProtocol.swift in Sources */ = {isa = PBXBuildFile; fileRef = 18888F2C2C96CB3200225719 /* TabBarRouterProtocol.swift */; };
/* End PBXBuildFile section */

/* Begin PBXContainerItemProxy section */
		1879612A2C76086800B573F7 /* PBXContainerItemProxy */ = {
			isa = PBXContainerItemProxy;
			containerPortal = 187961082C76086500B573F7 /* Project object */;
			proxyType = 1;
			remoteGlobalIDString = 1879610F2C76086500B573F7;
			remoteInfo = CryptoTab;
		};
		187961342C76086800B573F7 /* PBXContainerItemProxy */ = {
			isa = PBXContainerItemProxy;
			containerPortal = 187961082C76086500B573F7 /* Project object */;
			proxyType = 1;
			remoteGlobalIDString = 1879610F2C76086500B573F7;
			remoteInfo = CryptoTab;
		};
/* End PBXContainerItemProxy section */

/* Begin PBXFileReference section */
		180BB2CA2C919F8800FB4F79 /* InteractorProtocol.swift */ = {isa = PBXFileReference; lastKnownFileType = sourcecode.swift; path = InteractorProtocol.swift; sourceTree = "<group>"; };
		180BB2CC2C919FAD00FB4F79 /* PresenterProtocol.swift */ = {isa = PBXFileReference; lastKnownFileType = sourcecode.swift; path = PresenterProtocol.swift; sourceTree = "<group>"; };
		180BB2CE2C919FD200FB4F79 /* MainInteractor.swift */ = {isa = PBXFileReference; lastKnownFileType = sourcecode.swift; path = MainInteractor.swift; sourceTree = "<group>"; };
		180BB2D02C91A0CF00FB4F79 /* MainPresenter.swift */ = {isa = PBXFileReference; lastKnownFileType = sourcecode.swift; path = MainPresenter.swift; sourceTree = "<group>"; };
		180BB2D22C91A0FB00FB4F79 /* MainViewProtocol.swift */ = {isa = PBXFileReference; lastKnownFileType = sourcecode.swift; path = MainViewProtocol.swift; sourceTree = "<group>"; };
		180BB2D42C91A14900FB4F79 /* MainView.swift */ = {isa = PBXFileReference; lastKnownFileType = sourcecode.swift; path = MainView.swift; sourceTree = "<group>"; };
		180BB2D92C91B78500FB4F79 /* MainRouter.swift */ = {isa = PBXFileReference; lastKnownFileType = sourcecode.swift; path = MainRouter.swift; sourceTree = "<group>"; };
		180BB2DB2C91B79700FB4F79 /* MainRouterProtocol.swift */ = {isa = PBXFileReference; lastKnownFileType = sourcecode.swift; path = MainRouterProtocol.swift; sourceTree = "<group>"; };
		187961102C76086500B573F7 /* CryptoTab.app */ = {isa = PBXFileReference; explicitFileType = wrapper.application; includeInIndex = 0; path = CryptoTab.app; sourceTree = BUILT_PRODUCTS_DIR; };
		187961132C76086500B573F7 /* AppDelegate.swift */ = {isa = PBXFileReference; lastKnownFileType = sourcecode.swift; path = AppDelegate.swift; sourceTree = "<group>"; };
		187961152C76086500B573F7 /* SceneDelegate.swift */ = {isa = PBXFileReference; lastKnownFileType = sourcecode.swift; path = SceneDelegate.swift; sourceTree = "<group>"; };
		1879611D2C76086500B573F7 /* CryptoTab.xcdatamodel */ = {isa = PBXFileReference; lastKnownFileType = wrapper.xcdatamodel; path = CryptoTab.xcdatamodel; sourceTree = "<group>"; };
		1879611F2C76086800B573F7 /* Assets.xcassets */ = {isa = PBXFileReference; lastKnownFileType = folder.assetcatalog; path = Assets.xcassets; sourceTree = "<group>"; };
		187961242C76086800B573F7 /* Info.plist */ = {isa = PBXFileReference; lastKnownFileType = text.plist.xml; path = Info.plist; sourceTree = "<group>"; };
		187961292C76086800B573F7 /* CryptoTabTests.xctest */ = {isa = PBXFileReference; explicitFileType = wrapper.cfbundle; includeInIndex = 0; path = CryptoTabTests.xctest; sourceTree = BUILT_PRODUCTS_DIR; };
		1879612D2C76086800B573F7 /* CryptoTabTests.swift */ = {isa = PBXFileReference; lastKnownFileType = sourcecode.swift; path = CryptoTabTests.swift; sourceTree = "<group>"; };
		187961332C76086800B573F7 /* CryptoTabUITests.xctest */ = {isa = PBXFileReference; explicitFileType = wrapper.cfbundle; includeInIndex = 0; path = CryptoTabUITests.xctest; sourceTree = BUILT_PRODUCTS_DIR; };
		187961372C76086800B573F7 /* CryptoTabUITests.swift */ = {isa = PBXFileReference; lastKnownFileType = sourcecode.swift; path = CryptoTabUITests.swift; sourceTree = "<group>"; };
		187961392C76086800B573F7 /* CryptoTabUITestsLaunchTests.swift */ = {isa = PBXFileReference; lastKnownFileType = sourcecode.swift; path = CryptoTabUITestsLaunchTests.swift; sourceTree = "<group>"; };
		187961472C77281800B573F7 /* NetworkService.swift */ = {isa = PBXFileReference; lastKnownFileType = sourcecode.swift; path = NetworkService.swift; sourceTree = "<group>"; };
		187961682C776ABB00B573F7 /* CoinModel.swift */ = {isa = PBXFileReference; lastKnownFileType = sourcecode.swift; path = CoinModel.swift; sourceTree = "<group>"; };
		187961742C78936E00B573F7 /* NetworkServiceProtocols.swift */ = {isa = PBXFileReference; lastKnownFileType = sourcecode.swift; path = NetworkServiceProtocols.swift; sourceTree = "<group>"; };
		187961762C78938700B573F7 /* NetworkServiceURL.swift */ = {isa = PBXFileReference; lastKnownFileType = sourcecode.swift; path = NetworkServiceURL.swift; sourceTree = "<group>"; };
		187961782C78939E00B573F7 /* NetworkServiceHTTPMethod.swift */ = {isa = PBXFileReference; lastKnownFileType = sourcecode.swift; path = NetworkServiceHTTPMethod.swift; sourceTree = "<group>"; };
		1879617A2C7893CA00B573F7 /* NetworkServiceError.swift */ = {isa = PBXFileReference; lastKnownFileType = sourcecode.swift; path = NetworkServiceError.swift; sourceTree = "<group>"; };
		18888ED32C96B6FE00225719 /* NFTsViewController.swift */ = {isa = PBXFileReference; lastKnownFileType = sourcecode.swift; path = NFTsViewController.swift; sourceTree = "<group>"; };
		18888ED52C96B71100225719 /* NFTsViewControllerProtocol.swift */ = {isa = PBXFileReference; lastKnownFileType = sourcecode.swift; path = NFTsViewControllerProtocol.swift; sourceTree = "<group>"; };
		18888ED72C96B72100225719 /* NFTsPresenter.swift */ = {isa = PBXFileReference; lastKnownFileType = sourcecode.swift; path = NFTsPresenter.swift; sourceTree = "<group>"; };
		18888ED92C96B73200225719 /* NFTsPresenterProtocol.swift */ = {isa = PBXFileReference; lastKnownFileType = sourcecode.swift; path = NFTsPresenterProtocol.swift; sourceTree = "<group>"; };
		18888EDB2C96B74B00225719 /* NFTsInteractor.swift */ = {isa = PBXFileReference; lastKnownFileType = sourcecode.swift; path = NFTsInteractor.swift; sourceTree = "<group>"; };
		18888EDD2C96B75400225719 /* NFTsInteractorProtocol.swift */ = {isa = PBXFileReference; lastKnownFileType = sourcecode.swift; path = NFTsInteractorProtocol.swift; sourceTree = "<group>"; };
		18888EDF2C96B76700225719 /* NFTsModel.swift */ = {isa = PBXFileReference; lastKnownFileType = sourcecode.swift; path = NFTsModel.swift; sourceTree = "<group>"; };
		18888EE12C96B77B00225719 /* NFTsRouter.swift */ = {isa = PBXFileReference; lastKnownFileType = sourcecode.swift; path = NFTsRouter.swift; sourceTree = "<group>"; };
		18888EE32C96B78700225719 /* NFTsRouterProtocol.swift */ = {isa = PBXFileReference; lastKnownFileType = sourcecode.swift; path = NFTsRouterProtocol.swift; sourceTree = "<group>"; };
		18888EEB2C96BC5E00225719 /* PortfolioViewController.swift */ = {isa = PBXFileReference; lastKnownFileType = sourcecode.swift; path = PortfolioViewController.swift; sourceTree = "<group>"; };
		18888EED2C96BC6B00225719 /* PortfolioViewControllerProtocol.swift */ = {isa = PBXFileReference; lastKnownFileType = sourcecode.swift; path = PortfolioViewControllerProtocol.swift; sourceTree = "<group>"; };
		18888EEF2C96BC9900225719 /* PortfolioPresenter.swift */ = {isa = PBXFileReference; lastKnownFileType = sourcecode.swift; path = PortfolioPresenter.swift; sourceTree = "<group>"; };
		18888EF12C96BCA600225719 /* PortfolioPresenterProtocol.swift */ = {isa = PBXFileReference; lastKnownFileType = sourcecode.swift; path = PortfolioPresenterProtocol.swift; sourceTree = "<group>"; };
		18888EF32C96BCB800225719 /* PortfolioInteractor.swift */ = {isa = PBXFileReference; lastKnownFileType = sourcecode.swift; path = PortfolioInteractor.swift; sourceTree = "<group>"; };
		18888EF62C96BCCB00225719 /* PortfolioInteractorProtocol.swift */ = {isa = PBXFileReference; lastKnownFileType = sourcecode.swift; path = PortfolioInteractorProtocol.swift; sourceTree = "<group>"; };
		18888EF82C96BCDD00225719 /* PortfolioModel.swift */ = {isa = PBXFileReference; lastKnownFileType = sourcecode.swift; path = PortfolioModel.swift; sourceTree = "<group>"; };
		18888EFA2C96BCF600225719 /* PortfolioRouter.swift */ = {isa = PBXFileReference; lastKnownFileType = sourcecode.swift; path = PortfolioRouter.swift; sourceTree = "<group>"; };
		18888EFC2C96BD0100225719 /* PortfolioRouterProtocol.swift */ = {isa = PBXFileReference; lastKnownFileType = sourcecode.swift; path = PortfolioRouterProtocol.swift; sourceTree = "<group>"; };
		18888F052C96C23600225719 /* SettingViewController.swift */ = {isa = PBXFileReference; lastKnownFileType = sourcecode.swift; path = SettingViewController.swift; sourceTree = "<group>"; };
		18888F072C96C23F00225719 /* SettingViewControllerProtocol.swift */ = {isa = PBXFileReference; lastKnownFileType = sourcecode.swift; path = SettingViewControllerProtocol.swift; sourceTree = "<group>"; };
		18888F092C96C25300225719 /* SettingPresenter.swift */ = {isa = PBXFileReference; lastKnownFileType = sourcecode.swift; path = SettingPresenter.swift; sourceTree = "<group>"; };
		18888F0B2C96C25D00225719 /* SettingPresenterProtocol.swift */ = {isa = PBXFileReference; lastKnownFileType = sourcecode.swift; path = SettingPresenterProtocol.swift; sourceTree = "<group>"; };
		18888F0D2C96C27000225719 /* SettingInteractor.swift */ = {isa = PBXFileReference; lastKnownFileType = sourcecode.swift; path = SettingInteractor.swift; sourceTree = "<group>"; };
		18888F0F2C96C27C00225719 /* SettingInteractorProtocol.swift */ = {isa = PBXFileReference; lastKnownFileType = sourcecode.swift; path = SettingInteractorProtocol.swift; sourceTree = "<group>"; };
		18888F112C96C28900225719 /* SettingModel.swift */ = {isa = PBXFileReference; lastKnownFileType = sourcecode.swift; path = SettingModel.swift; sourceTree = "<group>"; };
		18888F132C96C29900225719 /* SettingRouter.swift */ = {isa = PBXFileReference; lastKnownFileType = sourcecode.swift; path = SettingRouter.swift; sourceTree = "<group>"; };
		18888F152C96C2A300225719 /* SettingRouterProtocol.swift */ = {isa = PBXFileReference; lastKnownFileType = sourcecode.swift; path = SettingRouterProtocol.swift; sourceTree = "<group>"; };
		18888F1D2C96CA7700225719 /* TabBarViewController.swift */ = {isa = PBXFileReference; lastKnownFileType = sourcecode.swift; name = TabBarViewController.swift; path = CryptoTab/Moduls/SettingModule/Router/TabBarViewController.swift; sourceTree = SOURCE_ROOT; };
		18888F1F2C96CA8400225719 /* TabBarViewControllerProtocol.swift */ = {isa = PBXFileReference; lastKnownFileType = sourcecode.swift; path = TabBarViewControllerProtocol.swift; sourceTree = "<group>"; };
		18888F212C96CA9500225719 /* TabBarPresenter.swift */ = {isa = PBXFileReference; lastKnownFileType = sourcecode.swift; path = TabBarPresenter.swift; sourceTree = "<group>"; };
		18888F232C96CACC00225719 /* TabBarPresenterProtocol.swift */ = {isa = PBXFileReference; lastKnownFileType = sourcecode.swift; path = TabBarPresenterProtocol.swift; sourceTree = "<group>"; };
		18888F252C96CAE000225719 /* TabBarInteractor.swift */ = {isa = PBXFileReference; lastKnownFileType = sourcecode.swift; path = TabBarInteractor.swift; sourceTree = "<group>"; };
		18888F272C96CAF900225719 /* TabBarInteractorProtocol.swift */ = {isa = PBXFileReference; lastKnownFileType = sourcecode.swift; path = TabBarInteractorProtocol.swift; sourceTree = "<group>"; };
		18888F2A2C96CB1E00225719 /* TabBarRouter.swift */ = {isa = PBXFileReference; lastKnownFileType = sourcecode.swift; path = TabBarRouter.swift; sourceTree = "<group>"; };
		18888F2C2C96CB3200225719 /* TabBarRouterProtocol.swift */ = {isa = PBXFileReference; lastKnownFileType = sourcecode.swift; path = TabBarRouterProtocol.swift; sourceTree = "<group>"; };
/* End PBXFileReference section */

/* Begin PBXFrameworksBuildPhase section */
		1879610D2C76086500B573F7 /* Frameworks */ = {
			isa = PBXFrameworksBuildPhase;
			buildActionMask = 2147483647;
			files = (
			);
			runOnlyForDeploymentPostprocessing = 0;
		};
		187961262C76086800B573F7 /* Frameworks */ = {
			isa = PBXFrameworksBuildPhase;
			buildActionMask = 2147483647;
			files = (
			);
			runOnlyForDeploymentPostprocessing = 0;
		};
		187961302C76086800B573F7 /* Frameworks */ = {
			isa = PBXFrameworksBuildPhase;
			buildActionMask = 2147483647;
			files = (
			);
			runOnlyForDeploymentPostprocessing = 0;
		};
/* End PBXFrameworksBuildPhase section */

/* Begin PBXGroup section */
		180BB2C12C919D3800FB4F79 /* Moduls */ = {
			isa = PBXGroup;
			children = (
				18888F172C96CA1100225719 /* TabBarControllerModule */,
				18888EFE2C96C1EA00225719 /* SettingModule */,
				18888EE52C96BC1000225719 /* PortfolioModule */,
				18888EC82C96B63E00225719 /* NFTsModule */,
				180BB2C22C919D4600FB4F79 /* Main */,
			);
			path = Moduls;
			sourceTree = "<group>";
		};
		180BB2C22C919D4600FB4F79 /* Main */ = {
			isa = PBXGroup;
			children = (
				180BB2C82C919DEB00FB4F79 /* Router */,
				180BB2C72C919DE300FB4F79 /* Entity */,
				180BB2C92C919DF400FB4F79 /* Interactor */,
				180BB2C62C919DD800FB4F79 /* Presenter */,
				180BB2C32C919D4E00FB4F79 /* View */,
			);
			path = Main;
			sourceTree = "<group>";
		};
		180BB2C32C919D4E00FB4F79 /* View */ = {
			isa = PBXGroup;
			children = (
				180BB2D22C91A0FB00FB4F79 /* MainViewProtocol.swift */,
				180BB2D42C91A14900FB4F79 /* MainView.swift */,
			);
			path = View;
			sourceTree = "<group>";
		};
		180BB2C62C919DD800FB4F79 /* Presenter */ = {
			isa = PBXGroup;
			children = (
				180BB2CC2C919FAD00FB4F79 /* PresenterProtocol.swift */,
				180BB2D02C91A0CF00FB4F79 /* MainPresenter.swift */,
			);
			path = Presenter;
			sourceTree = "<group>";
		};
		180BB2C72C919DE300FB4F79 /* Entity */ = {
			isa = PBXGroup;
			children = (
				187961682C776ABB00B573F7 /* CoinModel.swift */,
			);
			path = Entity;
			sourceTree = "<group>";
		};
		180BB2C82C919DEB00FB4F79 /* Router */ = {
			isa = PBXGroup;
			children = (
				180BB2DB2C91B79700FB4F79 /* MainRouterProtocol.swift */,
				180BB2D92C91B78500FB4F79 /* MainRouter.swift */,
			);
			path = Router;
			sourceTree = "<group>";
		};
		180BB2C92C919DF400FB4F79 /* Interactor */ = {
			isa = PBXGroup;
			children = (
				180BB2CA2C919F8800FB4F79 /* InteractorProtocol.swift */,
				180BB2CE2C919FD200FB4F79 /* MainInteractor.swift */,
			);
			path = Interactor;
			sourceTree = "<group>";
		};
		187961072C76086500B573F7 = {
			isa = PBXGroup;
			children = (
				187961122C76086500B573F7 /* CryptoTab */,
				1879612C2C76086800B573F7 /* CryptoTabTests */,
				187961362C76086800B573F7 /* CryptoTabUITests */,
				187961112C76086500B573F7 /* Products */,
			);
			sourceTree = "<group>";
		};
		187961112C76086500B573F7 /* Products */ = {
			isa = PBXGroup;
			children = (
				187961102C76086500B573F7 /* CryptoTab.app */,
				187961292C76086800B573F7 /* CryptoTabTests.xctest */,
				187961332C76086800B573F7 /* CryptoTabUITests.xctest */,
			);
			name = Products;
			sourceTree = "<group>";
		};
		187961122C76086500B573F7 /* CryptoTab */ = {
			isa = PBXGroup;
			children = (
				180BB2C12C919D3800FB4F79 /* Moduls */,
				1879614B2C77601400B573F7 /* SupportingFiles */,
				1879614A2C77600700B573F7 /* Resources */,
				187961492C775FFB00B573F7 /* Common */,
			);
			path = CryptoTab;
			sourceTree = "<group>";
		};
		1879612C2C76086800B573F7 /* CryptoTabTests */ = {
			isa = PBXGroup;
			children = (
				1879612D2C76086800B573F7 /* CryptoTabTests.swift */,
			);
			path = CryptoTabTests;
			sourceTree = "<group>";
		};
		187961362C76086800B573F7 /* CryptoTabUITests */ = {
			isa = PBXGroup;
			children = (
				187961372C76086800B573F7 /* CryptoTabUITests.swift */,
				187961392C76086800B573F7 /* CryptoTabUITestsLaunchTests.swift */,
			);
			path = CryptoTabUITests;
			sourceTree = "<group>";
		};
		187961462C7727F600B573F7 /* NetworkService */ = {
			isa = PBXGroup;
			children = (
				187961472C77281800B573F7 /* NetworkService.swift */,
				187961742C78936E00B573F7 /* NetworkServiceProtocols.swift */,
				187961762C78938700B573F7 /* NetworkServiceURL.swift */,
				187961782C78939E00B573F7 /* NetworkServiceHTTPMethod.swift */,
				1879617A2C7893CA00B573F7 /* NetworkServiceError.swift */,
			);
			path = NetworkService;
			sourceTree = "<group>";
		};
		187961492C775FFB00B573F7 /* Common */ = {
			isa = PBXGroup;
			children = (
				187961462C7727F600B573F7 /* NetworkService */,
			);
			path = Common;
			sourceTree = "<group>";
		};
		1879614A2C77600700B573F7 /* Resources */ = {
			isa = PBXGroup;
			children = (
				1879611C2C76086500B573F7 /* CryptoTab.xcdatamodeld */,
				1879611F2C76086800B573F7 /* Assets.xcassets */,
			);
			path = Resources;
			sourceTree = "<group>";
		};
		1879614B2C77601400B573F7 /* SupportingFiles */ = {
			isa = PBXGroup;
			children = (
				187961242C76086800B573F7 /* Info.plist */,
				187961152C76086500B573F7 /* SceneDelegate.swift */,
				187961132C76086500B573F7 /* AppDelegate.swift */,
			);
			path = SupportingFiles;
			sourceTree = "<group>";
		};
		18888EC82C96B63E00225719 /* NFTsModule */ = {
			isa = PBXGroup;
			children = (
				18888ED22C96B6E900225719 /* Router */,
				18888ED12C96B6CD00225719 /* Entity */,
				18888ED02C96B6C400225719 /* Interactor */,
				18888ECF2C96B6BC00225719 /* Presenter */,
				18888ECE2C96B6B800225719 /* View */,
			);
			path = NFTsModule;
			sourceTree = "<group>";
		};
		18888ECE2C96B6B800225719 /* View */ = {
			isa = PBXGroup;
			children = (
				18888ED32C96B6FE00225719 /* NFTsViewController.swift */,
				18888ED52C96B71100225719 /* NFTsViewControllerProtocol.swift */,
			);
			path = View;
			sourceTree = "<group>";
		};
		18888ECF2C96B6BC00225719 /* Presenter */ = {
			isa = PBXGroup;
			children = (
				18888ED72C96B72100225719 /* NFTsPresenter.swift */,
				18888ED92C96B73200225719 /* NFTsPresenterProtocol.swift */,
			);
			path = Presenter;
			sourceTree = "<group>";
		};
		18888ED02C96B6C400225719 /* Interactor */ = {
			isa = PBXGroup;
			children = (
				18888EDB2C96B74B00225719 /* NFTsInteractor.swift */,
				18888EDD2C96B75400225719 /* NFTsInteractorProtocol.swift */,
			);
			path = Interactor;
			sourceTree = "<group>";
		};
		18888ED12C96B6CD00225719 /* Entity */ = {
			isa = PBXGroup;
			children = (
				18888EDF2C96B76700225719 /* NFTsModel.swift */,
			);
			path = Entity;
			sourceTree = "<group>";
		};
		18888ED22C96B6E900225719 /* Router */ = {
			isa = PBXGroup;
			children = (
				18888EE12C96B77B00225719 /* NFTsRouter.swift */,
				18888EE32C96B78700225719 /* NFTsRouterProtocol.swift */,
			);
			path = Router;
			sourceTree = "<group>";
		};
		18888EE52C96BC1000225719 /* PortfolioModule */ = {
			isa = PBXGroup;
			children = (
				18888EEA2C96BC4800225719 /* Router */,
				18888EE92C96BC4200225719 /* Entity */,
				18888EE82C96BC3800225719 /* Interactor */,
				18888EE72C96BC3100225719 /* Presenter */,
				18888EE62C96BC2B00225719 /* View */,
			);
			path = PortfolioModule;
			sourceTree = "<group>";
		};
		18888EE62C96BC2B00225719 /* View */ = {
			isa = PBXGroup;
			children = (
				18888EEB2C96BC5E00225719 /* PortfolioViewController.swift */,
				18888EED2C96BC6B00225719 /* PortfolioViewControllerProtocol.swift */,
			);
			path = View;
			sourceTree = "<group>";
		};
		18888EE72C96BC3100225719 /* Presenter */ = {
			isa = PBXGroup;
			children = (
				18888EEF2C96BC9900225719 /* PortfolioPresenter.swift */,
				18888EF12C96BCA600225719 /* PortfolioPresenterProtocol.swift */,
			);
			path = Presenter;
			sourceTree = "<group>";
		};
		18888EE82C96BC3800225719 /* Interactor */ = {
			isa = PBXGroup;
			children = (
				18888EF32C96BCB800225719 /* PortfolioInteractor.swift */,
				18888EF62C96BCCB00225719 /* PortfolioInteractorProtocol.swift */,
			);
			path = Interactor;
			sourceTree = "<group>";
		};
		18888EE92C96BC4200225719 /* Entity */ = {
			isa = PBXGroup;
			children = (
				18888EF82C96BCDD00225719 /* PortfolioModel.swift */,
			);
			path = Entity;
			sourceTree = "<group>";
		};
		18888EEA2C96BC4800225719 /* Router */ = {
			isa = PBXGroup;
			children = (
				18888EFA2C96BCF600225719 /* PortfolioRouter.swift */,
				18888EFC2C96BD0100225719 /* PortfolioRouterProtocol.swift */,
			);
			path = Router;
			sourceTree = "<group>";
		};
		18888EFE2C96C1EA00225719 /* SettingModule */ = {
			isa = PBXGroup;
			children = (
				18888F042C96C21B00225719 /* Router */,
				18888F032C96C21500225719 /* Entity */,
				18888F012C96C20100225719 /* Interactor */,
				18888F002C96C1FA00225719 /* Presenter */,
				18888EFF2C96C1F600225719 /* View */,
			);
			path = SettingModule;
			sourceTree = "<group>";
		};
		18888EFF2C96C1F600225719 /* View */ = {
			isa = PBXGroup;
			children = (
				18888F052C96C23600225719 /* SettingViewController.swift */,
				18888F072C96C23F00225719 /* SettingViewControllerProtocol.swift */,
			);
			path = View;
			sourceTree = "<group>";
		};
		18888F002C96C1FA00225719 /* Presenter */ = {
			isa = PBXGroup;
			children = (
				18888F092C96C25300225719 /* SettingPresenter.swift */,
				18888F0B2C96C25D00225719 /* SettingPresenterProtocol.swift */,
			);
			path = Presenter;
			sourceTree = "<group>";
		};
		18888F012C96C20100225719 /* Interactor */ = {
			isa = PBXGroup;
			children = (
				18888F0D2C96C27000225719 /* SettingInteractor.swift */,
				18888F0F2C96C27C00225719 /* SettingInteractorProtocol.swift */,
			);
			path = Interactor;
			sourceTree = "<group>";
		};
		18888F032C96C21500225719 /* Entity */ = {
			isa = PBXGroup;
			children = (
				18888F112C96C28900225719 /* SettingModel.swift */,
			);
			path = Entity;
			sourceTree = "<group>";
		};
		18888F042C96C21B00225719 /* Router */ = {
			isa = PBXGroup;
			children = (
				18888F132C96C29900225719 /* SettingRouter.swift */,
				18888F152C96C2A300225719 /* SettingRouterProtocol.swift */,
			);
			path = Router;
			sourceTree = "<group>";
		};
		18888F172C96CA1100225719 /* TabBarControllerModule */ = {
			isa = PBXGroup;
			children = (
				18888F1C2C96CA6000225719 /* Router */,
				18888F1B2C96CA3E00225719 /* Entity */,
				18888F1A2C96CA3700225719 /* Interactor */,
				18888F192C96CA3000225719 /* Presenter */,
				18888F182C96CA2C00225719 /* View */,
			);
			path = TabBarControllerModule;
			sourceTree = "<group>";
		};
		18888F182C96CA2C00225719 /* View */ = {
			isa = PBXGroup;
			children = (
				18888F1D2C96CA7700225719 /* TabBarViewController.swift */,
				18888F1F2C96CA8400225719 /* TabBarViewControllerProtocol.swift */,
			);
			path = View;
			sourceTree = "<group>";
		};
		18888F192C96CA3000225719 /* Presenter */ = {
			isa = PBXGroup;
			children = (
				18888F212C96CA9500225719 /* TabBarPresenter.swift */,
				18888F232C96CACC00225719 /* TabBarPresenterProtocol.swift */,
			);
			path = Presenter;
			sourceTree = "<group>";
		};
		18888F1A2C96CA3700225719 /* Interactor */ = {
			isa = PBXGroup;
			children = (
				18888F252C96CAE000225719 /* TabBarInteractor.swift */,
				18888F272C96CAF900225719 /* TabBarInteractorProtocol.swift */,
			);
			path = Interactor;
			sourceTree = "<group>";
		};
		18888F1B2C96CA3E00225719 /* Entity */ = {
			isa = PBXGroup;
			children = (
			);
			path = Entity;
			sourceTree = "<group>";
		};
		18888F1C2C96CA6000225719 /* Router */ = {
			isa = PBXGroup;
			children = (
				18888F2A2C96CB1E00225719 /* TabBarRouter.swift */,
				18888F2C2C96CB3200225719 /* TabBarRouterProtocol.swift */,
			);
			path = Router;
			sourceTree = "<group>";
		};
/* End PBXGroup section */

/* Begin PBXNativeTarget section */
		1879610F2C76086500B573F7 /* CryptoTab */ = {
			isa = PBXNativeTarget;
			buildConfigurationList = 1879613D2C76086800B573F7 /* Build configuration list for PBXNativeTarget "CryptoTab" */;
			buildPhases = (
				1879610C2C76086500B573F7 /* Sources */,
				1879610D2C76086500B573F7 /* Frameworks */,
				1879610E2C76086500B573F7 /* Resources */,
			);
			buildRules = (
			);
			dependencies = (
			);
			name = CryptoTab;
			productName = CryptoTab;
			productReference = 187961102C76086500B573F7 /* CryptoTab.app */;
			productType = "com.apple.product-type.application";
		};
		187961282C76086800B573F7 /* CryptoTabTests */ = {
			isa = PBXNativeTarget;
			buildConfigurationList = 187961402C76086800B573F7 /* Build configuration list for PBXNativeTarget "CryptoTabTests" */;
			buildPhases = (
				187961252C76086800B573F7 /* Sources */,
				187961262C76086800B573F7 /* Frameworks */,
				187961272C76086800B573F7 /* Resources */,
			);
			buildRules = (
			);
			dependencies = (
				1879612B2C76086800B573F7 /* PBXTargetDependency */,
			);
			name = CryptoTabTests;
			productName = CryptoTabTests;
			productReference = 187961292C76086800B573F7 /* CryptoTabTests.xctest */;
			productType = "com.apple.product-type.bundle.unit-test";
		};
		187961322C76086800B573F7 /* CryptoTabUITests */ = {
			isa = PBXNativeTarget;
			buildConfigurationList = 187961432C76086800B573F7 /* Build configuration list for PBXNativeTarget "CryptoTabUITests" */;
			buildPhases = (
				1879612F2C76086800B573F7 /* Sources */,
				187961302C76086800B573F7 /* Frameworks */,
				187961312C76086800B573F7 /* Resources */,
			);
			buildRules = (
			);
			dependencies = (
				187961352C76086800B573F7 /* PBXTargetDependency */,
			);
			name = CryptoTabUITests;
			productName = CryptoTabUITests;
			productReference = 187961332C76086800B573F7 /* CryptoTabUITests.xctest */;
			productType = "com.apple.product-type.bundle.ui-testing";
		};
/* End PBXNativeTarget section */

/* Begin PBXProject section */
		187961082C76086500B573F7 /* Project object */ = {
			isa = PBXProject;
			attributes = {
				BuildIndependentTargetsInParallel = 1;
				LastSwiftUpdateCheck = 1540;
				LastUpgradeCheck = 1540;
				TargetAttributes = {
					1879610F2C76086500B573F7 = {
						CreatedOnToolsVersion = 15.4;
					};
					187961282C76086800B573F7 = {
						CreatedOnToolsVersion = 15.4;
						TestTargetID = 1879610F2C76086500B573F7;
					};
					187961322C76086800B573F7 = {
						CreatedOnToolsVersion = 15.4;
						TestTargetID = 1879610F2C76086500B573F7;
					};
				};
			};
			buildConfigurationList = 1879610B2C76086500B573F7 /* Build configuration list for PBXProject "CryptoTab" */;
			compatibilityVersion = "Xcode 14.0";
			developmentRegion = en;
			hasScannedForEncodings = 0;
			knownRegions = (
				en,
				Base,
			);
			mainGroup = 187961072C76086500B573F7;
			productRefGroup = 187961112C76086500B573F7 /* Products */;
			projectDirPath = "";
			projectRoot = "";
			targets = (
				1879610F2C76086500B573F7 /* CryptoTab */,
				187961282C76086800B573F7 /* CryptoTabTests */,
				187961322C76086800B573F7 /* CryptoTabUITests */,
			);
		};
/* End PBXProject section */

/* Begin PBXResourcesBuildPhase section */
		1879610E2C76086500B573F7 /* Resources */ = {
			isa = PBXResourcesBuildPhase;
			buildActionMask = 2147483647;
			files = (
				187961202C76086800B573F7 /* Assets.xcassets in Resources */,
			);
			runOnlyForDeploymentPostprocessing = 0;
		};
		187961272C76086800B573F7 /* Resources */ = {
			isa = PBXResourcesBuildPhase;
			buildActionMask = 2147483647;
			files = (
			);
			runOnlyForDeploymentPostprocessing = 0;
		};
		187961312C76086800B573F7 /* Resources */ = {
			isa = PBXResourcesBuildPhase;
			buildActionMask = 2147483647;
			files = (
			);
			runOnlyForDeploymentPostprocessing = 0;
		};
/* End PBXResourcesBuildPhase section */

/* Begin PBXSourcesBuildPhase section */
		1879610C2C76086500B573F7 /* Sources */ = {
			isa = PBXSourcesBuildPhase;
			buildActionMask = 2147483647;
			files = (
				18888F122C96C28900225719 /* SettingModel.swift in Sources */,
				187961772C78938700B573F7 /* NetworkServiceURL.swift in Sources */,
				187961482C77281800B573F7 /* NetworkService.swift in Sources */,
				18888EF92C96BCDD00225719 /* PortfolioModel.swift in Sources */,
				180BB2D32C91A0FB00FB4F79 /* MainViewProtocol.swift in Sources */,
				18888EDC2C96B74B00225719 /* NFTsInteractor.swift in Sources */,
				18888F0A2C96C25300225719 /* SettingPresenter.swift in Sources */,
				18888EDE2C96B75400225719 /* NFTsInteractorProtocol.swift in Sources */,
				18888EDA2C96B73200225719 /* NFTsPresenterProtocol.swift in Sources */,
				187961142C76086500B573F7 /* AppDelegate.swift in Sources */,
				18888F102C96C27C00225719 /* SettingInteractorProtocol.swift in Sources */,
				18888F222C96CA9500225719 /* TabBarPresenter.swift in Sources */,
				18888EE22C96B77B00225719 /* NFTsRouter.swift in Sources */,
				18888F1E2C96CA7700225719 /* TabBarViewController.swift in Sources */,
				180BB2DC2C91B79700FB4F79 /* MainRouterProtocol.swift in Sources */,
				18888ED62C96B71100225719 /* NFTsViewControllerProtocol.swift in Sources */,
				18888EF42C96BCB800225719 /* PortfolioInteractor.swift in Sources */,
				180BB2CF2C919FD200FB4F79 /* MainInteractor.swift in Sources */,
				1879611E2C76086500B573F7 /* CryptoTab.xcdatamodeld in Sources */,
				1879617B2C7893CA00B573F7 /* NetworkServiceError.swift in Sources */,
				18888EE42C96B78700225719 /* NFTsRouterProtocol.swift in Sources */,
				187961692C776ABB00B573F7 /* CoinModel.swift in Sources */,
				18888F062C96C23600225719 /* SettingViewController.swift in Sources */,
				18888F262C96CAE000225719 /* TabBarInteractor.swift in Sources */,
				180BB2D52C91A14900FB4F79 /* MainView.swift in Sources */,
				18888EF02C96BC9900225719 /* PortfolioPresenter.swift in Sources */,
				18888F202C96CA8400225719 /* TabBarViewControllerProtocol.swift in Sources */,
				18888F2B2C96CB1E00225719 /* TabBarRouter.swift in Sources */,
				18888F0E2C96C27000225719 /* SettingInteractor.swift in Sources */,
				18888ED82C96B72100225719 /* NFTsPresenter.swift in Sources */,
				18888F2D2C96CB3200225719 /* TabBarRouterProtocol.swift in Sources */,
				180BB2CB2C919F8800FB4F79 /* InteractorProtocol.swift in Sources */,
				18888EE02C96B76700225719 /* NFTsModel.swift in Sources */,
				18888F0C2C96C25D00225719 /* SettingPresenterProtocol.swift in Sources */,
				18888F242C96CACC00225719 /* TabBarPresenterProtocol.swift in Sources */,
				18888EEC2C96BC5E00225719 /* PortfolioViewController.swift in Sources */,
				18888F142C96C29900225719 /* SettingRouter.swift in Sources */,
				18888EEE2C96BC6B00225719 /* PortfolioViewControllerProtocol.swift in Sources */,
				180BB2D12C91A0CF00FB4F79 /* MainPresenter.swift in Sources */,
				187961792C78939E00B573F7 /* NetworkServiceHTTPMethod.swift in Sources */,
				180BB2CD2C919FAD00FB4F79 /* PresenterProtocol.swift in Sources */,
				18888F282C96CAF900225719 /* TabBarInteractorProtocol.swift in Sources */,
				18888F082C96C23F00225719 /* SettingViewControllerProtocol.swift in Sources */,
				18888ED42C96B6FE00225719 /* NFTsViewController.swift in Sources */,
				187961752C78936E00B573F7 /* NetworkServiceProtocols.swift in Sources */,
				18888EF22C96BCA600225719 /* PortfolioPresenterProtocol.swift in Sources */,
				187961162C76086500B573F7 /* SceneDelegate.swift in Sources */,
				18888EF72C96BCCB00225719 /* PortfolioInteractorProtocol.swift in Sources */,
				18888F162C96C2A300225719 /* SettingRouterProtocol.swift in Sources */,
				18888EFD2C96BD0100225719 /* PortfolioRouterProtocol.swift in Sources */,
				18888EFB2C96BCF600225719 /* PortfolioRouter.swift in Sources */,
				180BB2DA2C91B78500FB4F79 /* MainRouter.swift in Sources */,
			);
			runOnlyForDeploymentPostprocessing = 0;
		};
		187961252C76086800B573F7 /* Sources */ = {
			isa = PBXSourcesBuildPhase;
			buildActionMask = 2147483647;
			files = (
				1879612E2C76086800B573F7 /* CryptoTabTests.swift in Sources */,
			);
			runOnlyForDeploymentPostprocessing = 0;
		};
		1879612F2C76086800B573F7 /* Sources */ = {
			isa = PBXSourcesBuildPhase;
			buildActionMask = 2147483647;
			files = (
				187961382C76086800B573F7 /* CryptoTabUITests.swift in Sources */,
				1879613A2C76086800B573F7 /* CryptoTabUITestsLaunchTests.swift in Sources */,
			);
			runOnlyForDeploymentPostprocessing = 0;
		};
/* End PBXSourcesBuildPhase section */

/* Begin PBXTargetDependency section */
		1879612B2C76086800B573F7 /* PBXTargetDependency */ = {
			isa = PBXTargetDependency;
			target = 1879610F2C76086500B573F7 /* CryptoTab */;
			targetProxy = 1879612A2C76086800B573F7 /* PBXContainerItemProxy */;
		};
		187961352C76086800B573F7 /* PBXTargetDependency */ = {
			isa = PBXTargetDependency;
			target = 1879610F2C76086500B573F7 /* CryptoTab */;
			targetProxy = 187961342C76086800B573F7 /* PBXContainerItemProxy */;
		};
/* End PBXTargetDependency section */

/* Begin XCBuildConfiguration section */
		1879613B2C76086800B573F7 /* Debug */ = {
			isa = XCBuildConfiguration;
			buildSettings = {
				ALWAYS_SEARCH_USER_PATHS = NO;
				ASSETCATALOG_COMPILER_GENERATE_SWIFT_ASSET_SYMBOL_EXTENSIONS = YES;
				CLANG_ANALYZER_NONNULL = YES;
				CLANG_ANALYZER_NUMBER_OBJECT_CONVERSION = YES_AGGRESSIVE;
				CLANG_CXX_LANGUAGE_STANDARD = "gnu++20";
				CLANG_ENABLE_MODULES = YES;
				CLANG_ENABLE_OBJC_ARC = YES;
				CLANG_ENABLE_OBJC_WEAK = YES;
				CLANG_WARN_BLOCK_CAPTURE_AUTORELEASING = YES;
				CLANG_WARN_BOOL_CONVERSION = YES;
				CLANG_WARN_COMMA = YES;
				CLANG_WARN_CONSTANT_CONVERSION = YES;
				CLANG_WARN_DEPRECATED_OBJC_IMPLEMENTATIONS = YES;
				CLANG_WARN_DIRECT_OBJC_ISA_USAGE = YES_ERROR;
				CLANG_WARN_DOCUMENTATION_COMMENTS = YES;
				CLANG_WARN_EMPTY_BODY = YES;
				CLANG_WARN_ENUM_CONVERSION = YES;
				CLANG_WARN_INFINITE_RECURSION = YES;
				CLANG_WARN_INT_CONVERSION = YES;
				CLANG_WARN_NON_LITERAL_NULL_CONVERSION = YES;
				CLANG_WARN_OBJC_IMPLICIT_RETAIN_SELF = YES;
				CLANG_WARN_OBJC_LITERAL_CONVERSION = YES;
				CLANG_WARN_OBJC_ROOT_CLASS = YES_ERROR;
				CLANG_WARN_QUOTED_INCLUDE_IN_FRAMEWORK_HEADER = YES;
				CLANG_WARN_RANGE_LOOP_ANALYSIS = YES;
				CLANG_WARN_STRICT_PROTOTYPES = YES;
				CLANG_WARN_SUSPICIOUS_MOVE = YES;
				CLANG_WARN_UNGUARDED_AVAILABILITY = YES_AGGRESSIVE;
				CLANG_WARN_UNREACHABLE_CODE = YES;
				CLANG_WARN__DUPLICATE_METHOD_MATCH = YES;
				COPY_PHASE_STRIP = NO;
				DEBUG_INFORMATION_FORMAT = dwarf;
				ENABLE_STRICT_OBJC_MSGSEND = YES;
				ENABLE_TESTABILITY = YES;
				ENABLE_USER_SCRIPT_SANDBOXING = YES;
				GCC_C_LANGUAGE_STANDARD = gnu17;
				GCC_DYNAMIC_NO_PIC = NO;
				GCC_NO_COMMON_BLOCKS = YES;
				GCC_OPTIMIZATION_LEVEL = 0;
				GCC_PREPROCESSOR_DEFINITIONS = (
					"DEBUG=1",
					"$(inherited)",
				);
				GCC_WARN_64_TO_32_BIT_CONVERSION = YES;
				GCC_WARN_ABOUT_RETURN_TYPE = YES_ERROR;
				GCC_WARN_UNDECLARED_SELECTOR = YES;
				GCC_WARN_UNINITIALIZED_AUTOS = YES_AGGRESSIVE;
				GCC_WARN_UNUSED_FUNCTION = YES;
				GCC_WARN_UNUSED_VARIABLE = YES;
				IPHONEOS_DEPLOYMENT_TARGET = 17.5;
				LOCALIZATION_PREFERS_STRING_CATALOGS = YES;
				MTL_ENABLE_DEBUG_INFO = INCLUDE_SOURCE;
				MTL_FAST_MATH = YES;
				ONLY_ACTIVE_ARCH = YES;
				SDKROOT = iphoneos;
				SWIFT_ACTIVE_COMPILATION_CONDITIONS = "DEBUG $(inherited)";
				SWIFT_OPTIMIZATION_LEVEL = "-Onone";
			};
			name = Debug;
		};
		1879613C2C76086800B573F7 /* Release */ = {
			isa = XCBuildConfiguration;
			buildSettings = {
				ALWAYS_SEARCH_USER_PATHS = NO;
				ASSETCATALOG_COMPILER_GENERATE_SWIFT_ASSET_SYMBOL_EXTENSIONS = YES;
				CLANG_ANALYZER_NONNULL = YES;
				CLANG_ANALYZER_NUMBER_OBJECT_CONVERSION = YES_AGGRESSIVE;
				CLANG_CXX_LANGUAGE_STANDARD = "gnu++20";
				CLANG_ENABLE_MODULES = YES;
				CLANG_ENABLE_OBJC_ARC = YES;
				CLANG_ENABLE_OBJC_WEAK = YES;
				CLANG_WARN_BLOCK_CAPTURE_AUTORELEASING = YES;
				CLANG_WARN_BOOL_CONVERSION = YES;
				CLANG_WARN_COMMA = YES;
				CLANG_WARN_CONSTANT_CONVERSION = YES;
				CLANG_WARN_DEPRECATED_OBJC_IMPLEMENTATIONS = YES;
				CLANG_WARN_DIRECT_OBJC_ISA_USAGE = YES_ERROR;
				CLANG_WARN_DOCUMENTATION_COMMENTS = YES;
				CLANG_WARN_EMPTY_BODY = YES;
				CLANG_WARN_ENUM_CONVERSION = YES;
				CLANG_WARN_INFINITE_RECURSION = YES;
				CLANG_WARN_INT_CONVERSION = YES;
				CLANG_WARN_NON_LITERAL_NULL_CONVERSION = YES;
				CLANG_WARN_OBJC_IMPLICIT_RETAIN_SELF = YES;
				CLANG_WARN_OBJC_LITERAL_CONVERSION = YES;
				CLANG_WARN_OBJC_ROOT_CLASS = YES_ERROR;
				CLANG_WARN_QUOTED_INCLUDE_IN_FRAMEWORK_HEADER = YES;
				CLANG_WARN_RANGE_LOOP_ANALYSIS = YES;
				CLANG_WARN_STRICT_PROTOTYPES = YES;
				CLANG_WARN_SUSPICIOUS_MOVE = YES;
				CLANG_WARN_UNGUARDED_AVAILABILITY = YES_AGGRESSIVE;
				CLANG_WARN_UNREACHABLE_CODE = YES;
				CLANG_WARN__DUPLICATE_METHOD_MATCH = YES;
				COPY_PHASE_STRIP = NO;
				DEBUG_INFORMATION_FORMAT = "dwarf-with-dsym";
				ENABLE_NS_ASSERTIONS = NO;
				ENABLE_STRICT_OBJC_MSGSEND = YES;
				ENABLE_USER_SCRIPT_SANDBOXING = YES;
				GCC_C_LANGUAGE_STANDARD = gnu17;
				GCC_NO_COMMON_BLOCKS = YES;
				GCC_WARN_64_TO_32_BIT_CONVERSION = YES;
				GCC_WARN_ABOUT_RETURN_TYPE = YES_ERROR;
				GCC_WARN_UNDECLARED_SELECTOR = YES;
				GCC_WARN_UNINITIALIZED_AUTOS = YES_AGGRESSIVE;
				GCC_WARN_UNUSED_FUNCTION = YES;
				GCC_WARN_UNUSED_VARIABLE = YES;
				IPHONEOS_DEPLOYMENT_TARGET = 17.5;
				LOCALIZATION_PREFERS_STRING_CATALOGS = YES;
				MTL_ENABLE_DEBUG_INFO = NO;
				MTL_FAST_MATH = YES;
				SDKROOT = iphoneos;
				SWIFT_COMPILATION_MODE = wholemodule;
				VALIDATE_PRODUCT = YES;
			};
			name = Release;
		};
		1879613E2C76086800B573F7 /* Debug */ = {
			isa = XCBuildConfiguration;
			buildSettings = {
				ASSETCATALOG_COMPILER_APPICON_NAME = AppIcon;
				ASSETCATALOG_COMPILER_GLOBAL_ACCENT_COLOR_NAME = AccentColor;
				CODE_SIGN_STYLE = Automatic;
				CURRENT_PROJECT_VERSION = 1;
				GENERATE_INFOPLIST_FILE = YES;
				INFOPLIST_FILE = CryptoTab/SupportingFiles/Info.plist;
				INFOPLIST_KEY_UIApplicationSupportsIndirectInputEvents = YES;
				INFOPLIST_KEY_UILaunchStoryboardName = "";
				INFOPLIST_KEY_UIMainStoryboardFile = "";
				INFOPLIST_KEY_UISupportedInterfaceOrientations_iPad = "UIInterfaceOrientationPortrait UIInterfaceOrientationPortraitUpsideDown UIInterfaceOrientationLandscapeLeft UIInterfaceOrientationLandscapeRight";
				INFOPLIST_KEY_UISupportedInterfaceOrientations_iPhone = "UIInterfaceOrientationPortrait UIInterfaceOrientationLandscapeLeft UIInterfaceOrientationLandscapeRight";
				IPHONEOS_DEPLOYMENT_TARGET = 16.5;
				LD_RUNPATH_SEARCH_PATHS = (
					"$(inherited)",
					"@executable_path/Frameworks",
				);
				MARKETING_VERSION = 1.0;
				PRODUCT_BUNDLE_IDENTIFIER = team.CryptoTab;
				PRODUCT_NAME = "$(TARGET_NAME)";
				SWIFT_EMIT_LOC_STRINGS = YES;
				SWIFT_VERSION = 5.0;
				TARGETED_DEVICE_FAMILY = "1,2";
			};
			name = Debug;
		};
		1879613F2C76086800B573F7 /* Release */ = {
			isa = XCBuildConfiguration;
			buildSettings = {
				ASSETCATALOG_COMPILER_APPICON_NAME = AppIcon;
				ASSETCATALOG_COMPILER_GLOBAL_ACCENT_COLOR_NAME = AccentColor;
				CODE_SIGN_STYLE = Automatic;
				CURRENT_PROJECT_VERSION = 1;
				GENERATE_INFOPLIST_FILE = YES;
				INFOPLIST_FILE = CryptoTab/SupportingFiles/Info.plist;
				INFOPLIST_KEY_UIApplicationSupportsIndirectInputEvents = YES;
				INFOPLIST_KEY_UILaunchStoryboardName = "";
				INFOPLIST_KEY_UIMainStoryboardFile = "";
				INFOPLIST_KEY_UISupportedInterfaceOrientations_iPad = "UIInterfaceOrientationPortrait UIInterfaceOrientationPortraitUpsideDown UIInterfaceOrientationLandscapeLeft UIInterfaceOrientationLandscapeRight";
				INFOPLIST_KEY_UISupportedInterfaceOrientations_iPhone = "UIInterfaceOrientationPortrait UIInterfaceOrientationLandscapeLeft UIInterfaceOrientationLandscapeRight";
				IPHONEOS_DEPLOYMENT_TARGET = 16.5;
				LD_RUNPATH_SEARCH_PATHS = (
					"$(inherited)",
					"@executable_path/Frameworks",
				);
				MARKETING_VERSION = 1.0;
				PRODUCT_BUNDLE_IDENTIFIER = team.CryptoTab;
				PRODUCT_NAME = "$(TARGET_NAME)";
				SWIFT_EMIT_LOC_STRINGS = YES;
				SWIFT_VERSION = 5.0;
				TARGETED_DEVICE_FAMILY = "1,2";
			};
			name = Release;
		};
		187961412C76086800B573F7 /* Debug */ = {
			isa = XCBuildConfiguration;
			buildSettings = {
				ALWAYS_EMBED_SWIFT_STANDARD_LIBRARIES = YES;
				BUNDLE_LOADER = "$(TEST_HOST)";
				CODE_SIGN_STYLE = Automatic;
				CURRENT_PROJECT_VERSION = 1;
				GENERATE_INFOPLIST_FILE = YES;
				IPHONEOS_DEPLOYMENT_TARGET = 17.5;
				MARKETING_VERSION = 1.0;
				PRODUCT_BUNDLE_IDENTIFIER = team.CryptoTabTests;
				PRODUCT_NAME = "$(TARGET_NAME)";
				SWIFT_EMIT_LOC_STRINGS = NO;
				SWIFT_VERSION = 5.0;
				TARGETED_DEVICE_FAMILY = "1,2";
				TEST_HOST = "$(BUILT_PRODUCTS_DIR)/CryptoTab.app/$(BUNDLE_EXECUTABLE_FOLDER_PATH)/CryptoTab";
			};
			name = Debug;
		};
		187961422C76086800B573F7 /* Release */ = {
			isa = XCBuildConfiguration;
			buildSettings = {
				ALWAYS_EMBED_SWIFT_STANDARD_LIBRARIES = YES;
				BUNDLE_LOADER = "$(TEST_HOST)";
				CODE_SIGN_STYLE = Automatic;
				CURRENT_PROJECT_VERSION = 1;
				GENERATE_INFOPLIST_FILE = YES;
				IPHONEOS_DEPLOYMENT_TARGET = 17.5;
				MARKETING_VERSION = 1.0;
				PRODUCT_BUNDLE_IDENTIFIER = team.CryptoTabTests;
				PRODUCT_NAME = "$(TARGET_NAME)";
				SWIFT_EMIT_LOC_STRINGS = NO;
				SWIFT_VERSION = 5.0;
				TARGETED_DEVICE_FAMILY = "1,2";
				TEST_HOST = "$(BUILT_PRODUCTS_DIR)/CryptoTab.app/$(BUNDLE_EXECUTABLE_FOLDER_PATH)/CryptoTab";
			};
			name = Release;
		};
		187961442C76086800B573F7 /* Debug */ = {
			isa = XCBuildConfiguration;
			buildSettings = {
				ALWAYS_EMBED_SWIFT_STANDARD_LIBRARIES = YES;
				CODE_SIGN_STYLE = Automatic;
				CURRENT_PROJECT_VERSION = 1;
				GENERATE_INFOPLIST_FILE = YES;
				MARKETING_VERSION = 1.0;
				PRODUCT_BUNDLE_IDENTIFIER = team.CryptoTabUITests;
				PRODUCT_NAME = "$(TARGET_NAME)";
				SWIFT_EMIT_LOC_STRINGS = NO;
				SWIFT_VERSION = 5.0;
				TARGETED_DEVICE_FAMILY = "1,2";
				TEST_TARGET_NAME = CryptoTab;
			};
			name = Debug;
		};
		187961452C76086800B573F7 /* Release */ = {
			isa = XCBuildConfiguration;
			buildSettings = {
				ALWAYS_EMBED_SWIFT_STANDARD_LIBRARIES = YES;
				CODE_SIGN_STYLE = Automatic;
				CURRENT_PROJECT_VERSION = 1;
				GENERATE_INFOPLIST_FILE = YES;
				MARKETING_VERSION = 1.0;
				PRODUCT_BUNDLE_IDENTIFIER = team.CryptoTabUITests;
				PRODUCT_NAME = "$(TARGET_NAME)";
				SWIFT_EMIT_LOC_STRINGS = NO;
				SWIFT_VERSION = 5.0;
				TARGETED_DEVICE_FAMILY = "1,2";
				TEST_TARGET_NAME = CryptoTab;
			};
			name = Release;
		};
/* End XCBuildConfiguration section */

/* Begin XCConfigurationList section */
		1879610B2C76086500B573F7 /* Build configuration list for PBXProject "CryptoTab" */ = {
			isa = XCConfigurationList;
			buildConfigurations = (
				1879613B2C76086800B573F7 /* Debug */,
				1879613C2C76086800B573F7 /* Release */,
			);
			defaultConfigurationIsVisible = 0;
			defaultConfigurationName = Release;
		};
		1879613D2C76086800B573F7 /* Build configuration list for PBXNativeTarget "CryptoTab" */ = {
			isa = XCConfigurationList;
			buildConfigurations = (
				1879613E2C76086800B573F7 /* Debug */,
				1879613F2C76086800B573F7 /* Release */,
			);
			defaultConfigurationIsVisible = 0;
			defaultConfigurationName = Release;
		};
		187961402C76086800B573F7 /* Build configuration list for PBXNativeTarget "CryptoTabTests" */ = {
			isa = XCConfigurationList;
			buildConfigurations = (
				187961412C76086800B573F7 /* Debug */,
				187961422C76086800B573F7 /* Release */,
			);
			defaultConfigurationIsVisible = 0;
			defaultConfigurationName = Release;
		};
		187961432C76086800B573F7 /* Build configuration list for PBXNativeTarget "CryptoTabUITests" */ = {
			isa = XCConfigurationList;
			buildConfigurations = (
				187961442C76086800B573F7 /* Debug */,
				187961452C76086800B573F7 /* Release */,
			);
			defaultConfigurationIsVisible = 0;
			defaultConfigurationName = Release;
		};
/* End XCConfigurationList section */

/* Begin XCVersionGroup section */
		1879611C2C76086500B573F7 /* CryptoTab.xcdatamodeld */ = {
			isa = XCVersionGroup;
			children = (
				1879611D2C76086500B573F7 /* CryptoTab.xcdatamodel */,
			);
			currentVersion = 1879611D2C76086500B573F7 /* CryptoTab.xcdatamodel */;
			path = CryptoTab.xcdatamodeld;
			sourceTree = "<group>";
			versionGroupType = wrapper.xcdatamodel;
		};
/* End XCVersionGroup section */
	};
	rootObject = 187961082C76086500B573F7 /* Project object */;
}
